
Microsoft Visual Studio Solution File, Format Version 12.00
# Visual Studio Version 16
VisualStudioVersion = 16.0.29409.12
MinimumVisualStudioVersion = 10.0.40219.1
Project("{888888A0-9F3D-457C-B088-3A5042F75D52}") = "Ghost", "Ghost.pyproj", "{3B88F512-FBD1-451B-8F5A-71B044227374}"
EndProject
Global
	GlobalSection(SolutionConfigurationPlatforms) = preSolution
		Debug|Any CPU = Debug|Any CPU
		Release|Any CPU = Release|Any CPU
	EndGlobalSection
	GlobalSection(ProjectConfigurationPlatforms) = postSolution
		{3B88F512-FBD1-451B-8F5A-71B044227374}.Debug|Any CPU.ActiveCfg = Debug|Any CPU
		{3B88F512-FBD1-451B-8F5A-71B044227374}.Release|Any CPU.ActiveCfg = Release|Any CPU
	EndGlobalSection
	GlobalSection(SolutionProperties) = preSolution
		HideSolutionNode = FALSE
	EndGlobalSection
	GlobalSection(ExtensibilityGlobals) = postSolution
		SolutionGuid = {4B500392-ADB9-4E40-9652-C0F67B29D430}
	EndGlobalSection
EndGlobal
